
Microsoft Visual Studio Solution File, Format Version 12.00
# Visual Studio Version 16
VisualStudioVersion = 16.0.29102.190
MinimumVisualStudioVersion = 10.0.40219.1
Project("{9A19103F-16F7-4668-BE54-9A1E7A4F7556}") = "SqlScriptBuilder", "SqlScriptBuilder\SqlScriptBuilder.csproj", "{0ACA2C04-FA77-4886-A7D2-C9B3E2A54071}"
EndProject
Project("{2150E333-8FDC-42A3-9474-1A3956D46DE8}") = "Pipelines", "Pipelines", "{15774C45-9D31-4163-87E6-CE0F907B8D94}"
EndProject
Project("{2150E333-8FDC-42A3-9474-1A3956D46DE8}") = "Solution Items", "Solution Items", "{B09C9056-18D6-4542-A826-E4723876E27F}"
	ProjectSection(SolutionItems) = preProject
		LICENSE = LICENSE
		README.md = README.md
	EndProjectSection
EndProject
Project("{FAE04EC0-301F-11D3-BF4B-00C04F79EFBC}") = "SqlScriptBuilder.Tests", "SqlScriptBuilder.Tests\SqlScriptBuilder.Tests.csproj", "{1A310641-628B-4A2A-A32F-6B1C4E99310C}"
EndProject
Global
	GlobalSection(SolutionConfigurationPlatforms) = preSolution
		Debug|Any CPU = Debug|Any CPU
		Release|Any CPU = Release|Any CPU
	EndGlobalSection
	GlobalSection(ProjectConfigurationPlatforms) = postSolution
		{0ACA2C04-FA77-4886-A7D2-C9B3E2A54071}.Debug|Any CPU.ActiveCfg = Debug|Any CPU
		{0ACA2C04-FA77-4886-A7D2-C9B3E2A54071}.Debug|Any CPU.Build.0 = Debug|Any CPU
		{0ACA2C04-FA77-4886-A7D2-C9B3E2A54071}.Release|Any CPU.ActiveCfg = Release|Any CPU
		{0ACA2C04-FA77-4886-A7D2-C9B3E2A54071}.Release|Any CPU.Build.0 = Release|Any CPU
		{1A310641-628B-4A2A-A32F-6B1C4E99310C}.Debug|Any CPU.ActiveCfg = Debug|Any CPU
		{1A310641-628B-4A2A-A32F-6B1C4E99310C}.Debug|Any CPU.Build.0 = Debug|Any CPU
		{1A310641-628B-4A2A-A32F-6B1C4E99310C}.Release|Any CPU.ActiveCfg = Release|Any CPU
		{1A310641-628B-4A2A-A32F-6B1C4E99310C}.Release|Any CPU.Build.0 = Release|Any CPU
	EndGlobalSection
	GlobalSection(SolutionProperties) = preSolution
		HideSolutionNode = FALSE
	EndGlobalSection
	GlobalSection(ExtensibilityGlobals) = postSolution
		SolutionGuid = {31300A9E-E627-4C7E-8291-84D0CD4869B1}
	EndGlobalSection
EndGlobal
